// !$*UTF8*$!
{
	archiveVersion = 1;
	classes = {
	};
	objectVersion = 50;
	objects = {

/* Begin PBXBuildFile section */
		7210F90C24CFFA1C00DB2A11 /* AppDelegate.swift in Sources */ = {isa = PBXBuildFile; fileRef = 7210F90B24CFFA1C00DB2A11 /* AppDelegate.swift */; };
		7210F90E24CFFA1C00DB2A11 /* SceneDelegate.swift in Sources */ = {isa = PBXBuildFile; fileRef = 7210F90D24CFFA1C00DB2A11 /* SceneDelegate.swift */; };
		7210F91024CFFA1C00DB2A11 /* ContentView.swift in Sources */ = {isa = PBXBuildFile; fileRef = 7210F90F24CFFA1C00DB2A11 /* ContentView.swift */; };
		7210F91224CFFA1C00DB2A11 /* Assets.xcassets in Resources */ = {isa = PBXBuildFile; fileRef = 7210F91124CFFA1C00DB2A11 /* Assets.xcassets */; };
		7210F91524CFFA1C00DB2A11 /* Preview Assets.xcassets in Resources */ = {isa = PBXBuildFile; fileRef = 7210F91424CFFA1C00DB2A11 /* Preview Assets.xcassets */; };
		7210F91824CFFA1C00DB2A11 /* LaunchScreen.storyboard in Resources */ = {isa = PBXBuildFile; fileRef = 7210F91624CFFA1C00DB2A11 /* LaunchScreen.storyboard */; };
		7210F92324CFFA1D00DB2A11 /* testAWSTests.swift in Sources */ = {isa = PBXBuildFile; fileRef = 7210F92224CFFA1D00DB2A11 /* testAWSTests.swift */; };
		7210F92E24CFFA1D00DB2A11 /* testAWSUITests.swift in Sources */ = {isa = PBXBuildFile; fileRef = 7210F92D24CFFA1D00DB2A11 /* testAWSUITests.swift */; };
/* End PBXBuildFile section */

/* Begin PBXContainerItemProxy section */
		7210F91F24CFFA1C00DB2A11 /* PBXContainerItemProxy */ = {
			isa = PBXContainerItemProxy;
			containerPortal = 7210F90024CFFA1C00DB2A11 /* Project object */;
			proxyType = 1;
			remoteGlobalIDString = 7210F90724CFFA1C00DB2A11;
			remoteInfo = testAWS;
		};
		7210F92A24CFFA1D00DB2A11 /* PBXContainerItemProxy */ = {
			isa = PBXContainerItemProxy;
			containerPortal = 7210F90024CFFA1C00DB2A11 /* Project object */;
			proxyType = 1;
			remoteGlobalIDString = 7210F90724CFFA1C00DB2A11;
			remoteInfo = testAWS;
		};
/* End PBXContainerItemProxy section */

/* Begin PBXFileReference section */
		7210F90824CFFA1C00DB2A11 /* testAWS.app */ = {isa = PBXFileReference; explicitFileType = wrapper.application; includeInIndex = 0; path = testAWS.app; sourceTree = BUILT_PRODUCTS_DIR; };
		7210F90B24CFFA1C00DB2A11 /* AppDelegate.swift */ = {isa = PBXFileReference; lastKnownFileType = sourcecode.swift; path = AppDelegate.swift; sourceTree = "<group>"; };
		7210F90D24CFFA1C00DB2A11 /* SceneDelegate.swift */ = {isa = PBXFileReference; lastKnownFileType = sourcecode.swift; path = SceneDelegate.swift; sourceTree = "<group>"; };
		7210F90F24CFFA1C00DB2A11 /* ContentView.swift */ = {isa = PBXFileReference; lastKnownFileType = sourcecode.swift; path = ContentView.swift; sourceTree = "<group>"; };
		7210F91124CFFA1C00DB2A11 /* Assets.xcassets */ = {isa = PBXFileReference; lastKnownFileType = folder.assetcatalog; path = Assets.xcassets; sourceTree = "<group>"; };
		7210F91424CFFA1C00DB2A11 /* Preview Assets.xcassets */ = {isa = PBXFileReference; lastKnownFileType = folder.assetcatalog; path = "Preview Assets.xcassets"; sourceTree = "<group>"; };
		7210F91724CFFA1C00DB2A11 /* Base */ = {isa = PBXFileReference; lastKnownFileType = file.storyboard; name = Base; path = Base.lproj/LaunchScreen.storyboard; sourceTree = "<group>"; };
		7210F91924CFFA1C00DB2A11 /* Info.plist */ = {isa = PBXFileReference; lastKnownFileType = text.plist.xml; path = Info.plist; sourceTree = "<group>"; };
		7210F91E24CFFA1C00DB2A11 /* testAWSTests.xctest */ = {isa = PBXFileReference; explicitFileType = wrapper.cfbundle; includeInIndex = 0; path = testAWSTests.xctest; sourceTree = BUILT_PRODUCTS_DIR; };
		7210F92224CFFA1D00DB2A11 /* testAWSTests.swift */ = {isa = PBXFileReference; lastKnownFileType = sourcecode.swift; path = testAWSTests.swift; sourceTree = "<group>"; };
		7210F92424CFFA1D00DB2A11 /* Info.plist */ = {isa = PBXFileReference; lastKnownFileType = text.plist.xml; path = Info.plist; sourceTree = "<group>"; };
		7210F92924CFFA1D00DB2A11 /* testAWSUITests.xctest */ = {isa = PBXFileReference; explicitFileType = wrapper.cfbundle; includeInIndex = 0; path = testAWSUITests.xctest; sourceTree = BUILT_PRODUCTS_DIR; };
		7210F92D24CFFA1D00DB2A11 /* testAWSUITests.swift */ = {isa = PBXFileReference; lastKnownFileType = sourcecode.swift; path = testAWSUITests.swift; sourceTree = "<group>"; };
		7210F92F24CFFA1D00DB2A11 /* Info.plist */ = {isa = PBXFileReference; lastKnownFileType = text.plist.xml; path = Info.plist; sourceTree = "<group>"; };
/* End PBXFileReference section */

/* Begin PBXFrameworksBuildPhase section */
		7210F90524CFFA1C00DB2A11 /* Frameworks */ = {
			isa = PBXFrameworksBuildPhase;
			buildActionMask = 2147483647;
			files = (
			);
			runOnlyForDeploymentPostprocessing = 0;
		};
		7210F91B24CFFA1C00DB2A11 /* Frameworks */ = {
			isa = PBXFrameworksBuildPhase;
			buildActionMask = 2147483647;
			files = (
			);
			runOnlyForDeploymentPostprocessing = 0;
		};
		7210F92624CFFA1D00DB2A11 /* Frameworks */ = {
			isa = PBXFrameworksBuildPhase;
			buildActionMask = 2147483647;
			files = (
			);
			runOnlyForDeploymentPostprocessing = 0;
		};
/* End PBXFrameworksBuildPhase section */

/* Begin PBXGroup section */
		7210F8FF24CFFA1C00DB2A11 = {
			isa = PBXGroup;
			children = (
				7210F90A24CFFA1C00DB2A11 /* testAWS */,
				7210F92124CFFA1D00DB2A11 /* testAWSTests */,
				7210F92C24CFFA1D00DB2A11 /* testAWSUITests */,
				7210F90924CFFA1C00DB2A11 /* Products */,
			);
			sourceTree = "<group>";
		};
		7210F90924CFFA1C00DB2A11 /* Products */ = {
			isa = PBXGroup;
			children = (
				7210F90824CFFA1C00DB2A11 /* testAWS.app */,
				7210F91E24CFFA1C00DB2A11 /* testAWSTests.xctest */,
				7210F92924CFFA1D00DB2A11 /* testAWSUITests.xctest */,
			);
			name = Products;
			sourceTree = "<group>";
		};
		7210F90A24CFFA1C00DB2A11 /* testAWS */ = {
			isa = PBXGroup;
			children = (
				7210F90B24CFFA1C00DB2A11 /* AppDelegate.swift */,
				7210F90D24CFFA1C00DB2A11 /* SceneDelegate.swift */,
				7210F90F24CFFA1C00DB2A11 /* ContentView.swift */,
				7210F91124CFFA1C00DB2A11 /* Assets.xcassets */,
				7210F91624CFFA1C00DB2A11 /* LaunchScreen.storyboard */,
				7210F91924CFFA1C00DB2A11 /* Info.plist */,
				7210F91324CFFA1C00DB2A11 /* Preview Content */,
			);
			path = testAWS;
			sourceTree = "<group>";
		};
		7210F91324CFFA1C00DB2A11 /* Preview Content */ = {
			isa = PBXGroup;
			children = (
				7210F91424CFFA1C00DB2A11 /* Preview Assets.xcassets */,
			);
			path = "Preview Content";
			sourceTree = "<group>";
		};
		7210F92124CFFA1D00DB2A11 /* testAWSTests */ = {
			isa = PBXGroup;
			children = (
				7210F92224CFFA1D00DB2A11 /* testAWSTests.swift */,
				7210F92424CFFA1D00DB2A11 /* Info.plist */,
			);
			path = testAWSTests;
			sourceTree = "<group>";
		};
		7210F92C24CFFA1D00DB2A11 /* testAWSUITests */ = {
			isa = PBXGroup;
			children = (
				7210F92D24CFFA1D00DB2A11 /* testAWSUITests.swift */,
				7210F92F24CFFA1D00DB2A11 /* Info.plist */,
			);
			path = testAWSUITests;
			sourceTree = "<group>";
		};
/* End PBXGroup section */

/* Begin PBXNativeTarget section */
		7210F90724CFFA1C00DB2A11 /* testAWS */ = {
			isa = PBXNativeTarget;
			buildConfigurationList = 7210F93224CFFA1D00DB2A11 /* Build configuration list for PBXNativeTarget "testAWS" */;
			buildPhases = (
				7210F90424CFFA1C00DB2A11 /* Sources */,
				7210F90524CFFA1C00DB2A11 /* Frameworks */,
				7210F90624CFFA1C00DB2A11 /* Resources */,
			);
			buildRules = (
			);
			dependencies = (
			);
			name = testAWS;
			productName = testAWS;
			productReference = 7210F90824CFFA1C00DB2A11 /* testAWS.app */;
			productType = "com.apple.product-type.application";
		};
		7210F91D24CFFA1C00DB2A11 /* testAWSTests */ = {
			isa = PBXNativeTarget;
			buildConfigurationList = 7210F93524CFFA1D00DB2A11 /* Build configuration list for PBXNativeTarget "testAWSTests" */;
			buildPhases = (
				7210F91A24CFFA1C00DB2A11 /* Sources */,
				7210F91B24CFFA1C00DB2A11 /* Frameworks */,
				7210F91C24CFFA1C00DB2A11 /* Resources */,
			);
			buildRules = (
			);
			dependencies = (
				7210F92024CFFA1C00DB2A11 /* PBXTargetDependency */,
			);
			name = testAWSTests;
			productName = testAWSTests;
			productReference = 7210F91E24CFFA1C00DB2A11 /* testAWSTests.xctest */;
			productType = "com.apple.product-type.bundle.unit-test";
		};
		7210F92824CFFA1D00DB2A11 /* testAWSUITests */ = {
			isa = PBXNativeTarget;
			buildConfigurationList = 7210F93824CFFA1D00DB2A11 /* Build configuration list for PBXNativeTarget "testAWSUITests" */;
			buildPhases = (
				7210F92524CFFA1D00DB2A11 /* Sources */,
				7210F92624CFFA1D00DB2A11 /* Frameworks */,
				7210F92724CFFA1D00DB2A11 /* Resources */,
			);
			buildRules = (
			);
			dependencies = (
				7210F92B24CFFA1D00DB2A11 /* PBXTargetDependency */,
			);
			name = testAWSUITests;
			productName = testAWSUITests;
			productReference = 7210F92924CFFA1D00DB2A11 /* testAWSUITests.xctest */;
			productType = "com.apple.product-type.bundle.ui-testing";
		};
/* End PBXNativeTarget section */

/* Begin PBXProject section */
		7210F90024CFFA1C00DB2A11 /* Project object */ = {
			isa = PBXProject;
			attributes = {
				LastSwiftUpdateCheck = 1160;
				LastUpgradeCheck = 1160;
				ORGANIZATIONNAME = davis;
				TargetAttributes = {
					7210F90724CFFA1C00DB2A11 = {
						CreatedOnToolsVersion = 11.6;
					};
					7210F91D24CFFA1C00DB2A11 = {
						CreatedOnToolsVersion = 11.6;
						TestTargetID = 7210F90724CFFA1C00DB2A11;
					};
					7210F92824CFFA1D00DB2A11 = {
						CreatedOnToolsVersion = 11.6;
						TestTargetID = 7210F90724CFFA1C00DB2A11;
					};
				};
			};
			buildConfigurationList = 7210F90324CFFA1C00DB2A11 /* Build configuration list for PBXProject "testAWS" */;
			compatibilityVersion = "Xcode 9.3";
			developmentRegion = en;
			hasScannedForEncodings = 0;
			knownRegions = (
				en,
				Base,
			);
			mainGroup = 7210F8FF24CFFA1C00DB2A11;
			productRefGroup = 7210F90924CFFA1C00DB2A11 /* Products */;
			projectDirPath = "";
			projectRoot = "";
			targets = (
				7210F90724CFFA1C00DB2A11 /* testAWS */,
				7210F91D24CFFA1C00DB2A11 /* testAWSTests */,
				7210F92824CFFA1D00DB2A11 /* testAWSUITests */,
			);
		};
/* End PBXProject section */

/* Begin PBXResourcesBuildPhase section */
		7210F90624CFFA1C00DB2A11 /* Resources */ = {
			isa = PBXResourcesBuildPhase;
			buildActionMask = 2147483647;
			files = (
				7210F91824CFFA1C00DB2A11 /* LaunchScreen.storyboard in Resources */,
				7210F91524CFFA1C00DB2A11 /* Preview Assets.xcassets in Resources */,
				7210F91224CFFA1C00DB2A11 /* Assets.xcassets in Resources */,
			);
			runOnlyForDeploymentPostprocessing = 0;
		};
		7210F91C24CFFA1C00DB2A11 /* Resources */ = {
			isa = PBXResourcesBuildPhase;
			buildActionMask = 2147483647;
			files = (
			);
			runOnlyForDeploymentPostprocessing = 0;
		};
		7210F92724CFFA1D00DB2A11 /* Resources */ = {
			isa = PBXResourcesBuildPhase;
			buildActionMask = 2147483647;
			files = (
			);
			runOnlyForDeploymentPostprocessing = 0;
		};
/* End PBXResourcesBuildPhase section */

/* Begin PBXSourcesBuildPhase section */
		7210F90424CFFA1C00DB2A11 /* Sources */ = {
			isa = PBXSourcesBuildPhase;
			buildActionMask = 2147483647;
			files = (
				7210F90C24CFFA1C00DB2A11 /* AppDelegate.swift in Sources */,
				7210F90E24CFFA1C00DB2A11 /* SceneDelegate.swift in Sources */,
				7210F91024CFFA1C00DB2A11 /* ContentView.swift in Sources */,
			);
			runOnlyForDeploymentPostprocessing = 0;
		};
		7210F91A24CFFA1C00DB2A11 /* Sources */ = {
			isa = PBXSourcesBuildPhase;
			buildActionMask = 2147483647;
			files = (
				7210F92324CFFA1D00DB2A11 /* testAWSTests.swift in Sources */,
			);
			runOnlyForDeploymentPostprocessing = 0;
		};
		7210F92524CFFA1D00DB2A11 /* Sources */ = {
			isa = PBXSourcesBuildPhase;
			buildActionMask = 2147483647;
			files = (
				7210F92E24CFFA1D00DB2A11 /* testAWSUITests.swift in Sources */,
			);
			runOnlyForDeploymentPostprocessing = 0;
		};
/* End PBXSourcesBuildPhase section */

/* Begin PBXTargetDependency section */
		7210F92024CFFA1C00DB2A11 /* PBXTargetDependency */ = {
			isa = PBXTargetDependency;
			target = 7210F90724CFFA1C00DB2A11 /* testAWS */;
			targetProxy = 7210F91F24CFFA1C00DB2A11 /* PBXContainerItemProxy */;
		};
		7210F92B24CFFA1D00DB2A11 /* PBXTargetDependency */ = {
			isa = PBXTargetDependency;
			target = 7210F90724CFFA1C00DB2A11 /* testAWS */;
			targetProxy = 7210F92A24CFFA1D00DB2A11 /* PBXContainerItemProxy */;
		};
/* End PBXTargetDependency section */

/* Begin PBXVariantGroup section */
		7210F91624CFFA1C00DB2A11 /* LaunchScreen.storyboard */ = {
			isa = PBXVariantGroup;
			children = (
				7210F91724CFFA1C00DB2A11 /* Base */,
			);
			name = LaunchScreen.storyboard;
			sourceTree = "<group>";
		};
/* End PBXVariantGroup section */

/* Begin XCBuildConfiguration section */
		7210F93024CFFA1D00DB2A11 /* Debug */ = {
			isa = XCBuildConfiguration;
			buildSettings = {
				ALWAYS_SEARCH_USER_PATHS = NO;
				CLANG_ANALYZER_NONNULL = YES;
				CLANG_ANALYZER_NUMBER_OBJECT_CONVERSION = YES_AGGRESSIVE;
				CLANG_CXX_LANGUAGE_STANDARD = "gnu++14";
				CLANG_CXX_LIBRARY = "libc++";
				CLANG_ENABLE_MODULES = YES;
				CLANG_ENABLE_OBJC_ARC = YES;
				CLANG_ENABLE_OBJC_WEAK = YES;
				CLANG_WARN_BLOCK_CAPTURE_AUTORELEASING = YES;
				CLANG_WARN_BOOL_CONVERSION = YES;
				CLANG_WARN_COMMA = YES;
				CLANG_WARN_CONSTANT_CONVERSION = YES;
				CLANG_WARN_DEPRECATED_OBJC_IMPLEMENTATIONS = YES;
				CLANG_WARN_DIRECT_OBJC_ISA_USAGE = YES_ERROR;
				CLANG_WARN_DOCUMENTATION_COMMENTS = YES;
				CLANG_WARN_EMPTY_BODY = YES;
				CLANG_WARN_ENUM_CONVERSION = YES;
				CLANG_WARN_INFINITE_RECURSION = YES;
				CLANG_WARN_INT_CONVERSION = YES;
				CLANG_WARN_NON_LITERAL_NULL_CONVERSION = YES;
				CLANG_WARN_OBJC_IMPLICIT_RETAIN_SELF = YES;
				CLANG_WARN_OBJC_LITERAL_CONVERSION = YES;
				CLANG_WARN_OBJC_ROOT_CLASS = YES_ERROR;
				CLANG_WARN_RANGE_LOOP_ANALYSIS = YES;
				CLANG_WARN_STRICT_PROTOTYPES = YES;
				CLANG_WARN_SUSPICIOUS_MOVE = YES;
				CLANG_WARN_UNGUARDED_AVAILABILITY = YES_AGGRESSIVE;
				CLANG_WARN_UNREACHABLE_CODE = YES;
				CLANG_WARN__DUPLICATE_METHOD_MATCH = YES;
				COPY_PHASE_STRIP = NO;
				DEBUG_INFORMATION_FORMAT = dwarf;
				ENABLE_STRICT_OBJC_MSGSEND = YES;
				ENABLE_TESTABILITY = YES;
				GCC_C_LANGUAGE_STANDARD = gnu11;
				GCC_DYNAMIC_NO_PIC = NO;
				GCC_NO_COMMON_BLOCKS = YES;
				GCC_OPTIMIZATION_LEVEL = 0;
				GCC_PREPROCESSOR_DEFINITIONS = (
					"DEBUG=1",
					"$(inherited)",
				);
				GCC_WARN_64_TO_32_BIT_CONVERSION = YES;
				GCC_WARN_ABOUT_RETURN_TYPE = YES_ERROR;
				GCC_WARN_UNDECLARED_SELECTOR = YES;
				GCC_WARN_UNINITIALIZED_AUTOS = YES_AGGRESSIVE;
				GCC_WARN_UNUSED_FUNCTION = YES;
				GCC_WARN_UNUSED_VARIABLE = YES;
				IPHONEOS_DEPLOYMENT_TARGET = 13.6;
				MTL_ENABLE_DEBUG_INFO = INCLUDE_SOURCE;
				MTL_FAST_MATH = YES;
				ONLY_ACTIVE_ARCH = YES;
				SDKROOT = iphoneos;
				SWIFT_ACTIVE_COMPILATION_CONDITIONS = DEBUG;
				SWIFT_OPTIMIZATION_LEVEL = "-Onone";
			};
			name = Debug;
		};
		7210F93124CFFA1D00DB2A11 /* Release */ = {
			isa = XCBuildConfiguration;
			buildSettings = {
				ALWAYS_SEARCH_USER_PATHS = NO;
				CLANG_ANALYZER_NONNULL = YES;
				CLANG_ANALYZER_NUMBER_OBJECT_CONVERSION = YES_AGGRESSIVE;
				CLANG_CXX_LANGUAGE_STANDARD = "gnu++14";
				CLANG_CXX_LIBRARY = "libc++";
				CLANG_ENABLE_MODULES = YES;
				CLANG_ENABLE_OBJC_ARC = YES;
				CLANG_ENABLE_OBJC_WEAK = YES;
				CLANG_WARN_BLOCK_CAPTURE_AUTORELEASING = YES;
				CLANG_WARN_BOOL_CONVERSION = YES;
				CLANG_WARN_COMMA = YES;
				CLANG_WARN_CONSTANT_CONVERSION = YES;
				CLANG_WARN_DEPRECATED_OBJC_IMPLEMENTATIONS = YES;
				CLANG_WARN_DIRECT_OBJC_ISA_USAGE = YES_ERROR;
				CLANG_WARN_DOCUMENTATION_COMMENTS = YES;
				CLANG_WARN_EMPTY_BODY = YES;
				CLANG_WARN_ENUM_CONVERSION = YES;
				CLANG_WARN_INFINITE_RECURSION = YES;
				CLANG_WARN_INT_CONVERSION = YES;
				CLANG_WARN_NON_LITERAL_NULL_CONVERSION = YES;
				CLANG_WARN_OBJC_IMPLICIT_RETAIN_SELF = YES;
				CLANG_WARN_OBJC_LITERAL_CONVERSION = YES;
				CLANG_WARN_OBJC_ROOT_CLASS = YES_ERROR;
				CLANG_WARN_RANGE_LOOP_ANALYSIS = YES;
				CLANG_WARN_STRICT_PROTOTYPES = YES;
				CLANG_WARN_SUSPICIOUS_MOVE = YES;
				CLANG_WARN_UNGUARDED_AVAILABILITY = YES_AGGRESSIVE;
				CLANG_WARN_UNREACHABLE_CODE = YES;
				CLANG_WARN__DUPLICATE_METHOD_MATCH = YES;
				COPY_PHASE_STRIP = NO;
				DEBUG_INFORMATION_FORMAT = "dwarf-with-dsym";
				ENABLE_NS_ASSERTIONS = NO;
				ENABLE_STRICT_OBJC_MSGSEND = YES;
				GCC_C_LANGUAGE_STANDARD = gnu11;
				GCC_NO_COMMON_BLOCKS = YES;
				GCC_WARN_64_TO_32_BIT_CONVERSION = YES;
				GCC_WARN_ABOUT_RETURN_TYPE = YES_ERROR;
				GCC_WARN_UNDECLARED_SELECTOR = YES;
				GCC_WARN_UNINITIALIZED_AUTOS = YES_AGGRESSIVE;
				GCC_WARN_UNUSED_FUNCTION = YES;
				GCC_WARN_UNUSED_VARIABLE = YES;
				IPHONEOS_DEPLOYMENT_TARGET = 13.6;
				MTL_ENABLE_DEBUG_INFO = NO;
				MTL_FAST_MATH = YES;
				SDKROOT = iphoneos;
				SWIFT_COMPILATION_MODE = wholemodule;
				SWIFT_OPTIMIZATION_LEVEL = "-O";
				VALIDATE_PRODUCT = YES;
			};
			name = Release;
		};
		7210F93324CFFA1D00DB2A11 /* Debug */ = {
			isa = XCBuildConfiguration;
			buildSettings = {
				ASSETCATALOG_COMPILER_APPICON_NAME = AppIcon;
				CODE_SIGN_STYLE = Automatic;
				DEVELOPMENT_ASSET_PATHS = "\"testAWS/Preview Content\"";
				DEVELOPMENT_TEAM = NJ94KGFXH9;
				ENABLE_PREVIEWS = YES;
				INFOPLIST_FILE = testAWS/Info.plist;
				LD_RUNPATH_SEARCH_PATHS = (
					"$(inherited)",
					"@executable_path/Frameworks",
				);
				PRODUCT_BUNDLE_IDENTIFIER = davis.ho.testAWS;
				PRODUCT_NAME = "$(TARGET_NAME)";
				SWIFT_VERSION = 5.0;
				TARGETED_DEVICE_FAMILY = "1,2";
			};
			name = Debug;
		};
		7210F93424CFFA1D00DB2A11 /* Release */ = {
			isa = XCBuildConfiguration;
			buildSettings = {
				ASSETCATALOG_COMPILER_APPICON_NAME = AppIcon;
				CODE_SIGN_STYLE = Automatic;
				DEVELOPMENT_ASSET_PATHS = "\"testAWS/Preview Content\"";
				DEVELOPMENT_TEAM = NJ94KGFXH9;
				ENABLE_PREVIEWS = YES;
				INFOPLIST_FILE = testAWS/Info.plist;
				LD_RUNPATH_SEARCH_PATHS = (
					"$(inherited)",
					"@executable_path/Frameworks",
				);
				PRODUCT_BUNDLE_IDENTIFIER = davis.ho.testAWS;
				PRODUCT_NAME = "$(TARGET_NAME)";
				SWIFT_VERSION = 5.0;
				TARGETED_DEVICE_FAMILY = "1,2";
			};
			name = Release;
		};
		7210F93624CFFA1D00DB2A11 /* Debug */ = {
			isa = XCBuildConfiguration;
			buildSettings = {
				ALWAYS_EMBED_SWIFT_STANDARD_LIBRARIES = YES;
				BUNDLE_LOADER = "$(TEST_HOST)";
				CODE_SIGN_STYLE = Automatic;
				DEVELOPMENT_TEAM = NJ94KGFXH9;
				INFOPLIST_FILE = testAWSTests/Info.plist;
				IPHONEOS_DEPLOYMENT_TARGET = 13.6;
				LD_RUNPATH_SEARCH_PATHS = (
					"$(inherited)",
					"@executable_path/Frameworks",
					"@loader_path/Frameworks",
				);
				PRODUCT_BUNDLE_IDENTIFIER = davis.ho.testAWSTests;
				PRODUCT_NAME = "$(TARGET_NAME)";
				SWIFT_VERSION = 5.0;
				TARGETED_DEVICE_FAMILY = "1,2";
				TEST_HOST = "$(BUILT_PRODUCTS_DIR)/testAWS.app/testAWS";
			};
			name = Debug;
		};
		7210F93724CFFA1D00DB2A11 /* Release */ = {
			isa = XCBuildConfiguration;
			buildSettings = {
				ALWAYS_EMBED_SWIFT_STANDARD_LIBRARIES = YES;
				BUNDLE_LOADER = "$(TEST_HOST)";
				CODE_SIGN_STYLE = Automatic;
				DEVELOPMENT_TEAM = NJ94KGFXH9;
				INFOPLIST_FILE = testAWSTests/Info.plist;
				IPHONEOS_DEPLOYMENT_TARGET = 13.6;
				LD_RUNPATH_SEARCH_PATHS = (
					"$(inherited)",
					"@executable_path/Frameworks",
					"@loader_path/Frameworks",
				);
				PRODUCT_BUNDLE_IDENTIFIER = davis.ho.testAWSTests;
				PRODUCT_NAME = "$(TARGET_NAME)";
				SWIFT_VERSION = 5.0;
				TARGETED_DEVICE_FAMILY = "1,2";
				TEST_HOST = "$(BUILT_PRODUCTS_DIR)/testAWS.app/testAWS";
			};
			name = Release;
		};
		7210F93924CFFA1D00DB2A11 /* Debug */ = {
			isa = XCBuildConfiguration;
			buildSettings = {
				ALWAYS_EMBED_SWIFT_STANDARD_LIBRARIES = YES;
				CODE_SIGN_STYLE = Automatic;
				DEVELOPMENT_TEAM = NJ94KGFXH9;
				INFOPLIST_FILE = testAWSUITests/Info.plist;
				LD_RUNPATH_SEARCH_PATHS = (
					"$(inherited)",
					"@executable_path/Frameworks",
					"@loader_path/Frameworks",
				);
				PRODUCT_BUNDLE_IDENTIFIER = davis.ho.testAWSUITests;
				PRODUCT_NAME = "$(TARGET_NAME)";
				SWIFT_VERSION = 5.0;
				TARGETED_DEVICE_FAMILY = "1,2";
				TEST_TARGET_NAME = testAWS;
			};
			name = Debug;
		};
		7210F93A24CFFA1D00DB2A11 /* Release */ = {
			isa = XCBuildConfiguration;
			buildSettings = {
				ALWAYS_EMBED_SWIFT_STANDARD_LIBRARIES = YES;
				CODE_SIGN_STYLE = Automatic;
				DEVELOPMENT_TEAM = NJ94KGFXH9;
				INFOPLIST_FILE = testAWSUITests/Info.plist;
				LD_RUNPATH_SEARCH_PATHS = (
					"$(inherited)",
					"@executable_path/Frameworks",
					"@loader_path/Frameworks",
				);
				PRODUCT_BUNDLE_IDENTIFIER = davis.ho.testAWSUITests;
				PRODUCT_NAME = "$(TARGET_NAME)";
				SWIFT_VERSION = 5.0;
				TARGETED_DEVICE_FAMILY = "1,2";
				TEST_TARGET_NAME = testAWS;
			};
			name = Release;
		};
/* End XCBuildConfiguration section */

/* Begin XCConfigurationList section */
		7210F90324CFFA1C00DB2A11 /* Build configuration list for PBXProject "testAWS" */ = {
			isa = XCConfigurationList;
			buildConfigurations = (
				7210F93024CFFA1D00DB2A11 /* Debug */,
				7210F93124CFFA1D00DB2A11 /* Release */,
			);
			defaultConfigurationIsVisible = 0;
			defaultConfigurationName = Release;
		};
		7210F93224CFFA1D00DB2A11 /* Build configuration list for PBXNativeTarget "testAWS" */ = {
			isa = XCConfigurationList;
			buildConfigurations = (
				7210F93324CFFA1D00DB2A11 /* Debug */,
				7210F93424CFFA1D00DB2A11 /* Release */,
			);
			defaultConfigurationIsVisible = 0;
			defaultConfigurationName = Release;
		};
		7210F93524CFFA1D00DB2A11 /* Build configuration list for PBXNativeTarget "testAWSTests" */ = {
			isa = XCConfigurationList;
			buildConfigurations = (
				7210F93624CFFA1D00DB2A11 /* Debug */,
				7210F93724CFFA1D00DB2A11 /* Release */,
			);
			defaultConfigurationIsVisible = 0;
			defaultConfigurationName = Release;
		};
		7210F93824CFFA1D00DB2A11 /* Build configuration list for PBXNativeTarget "testAWSUITests" */ = {
			isa = XCConfigurationList;
			buildConfigurations = (
				7210F93924CFFA1D00DB2A11 /* Debug */,
				7210F93A24CFFA1D00DB2A11 /* Release */,
			);
			defaultConfigurationIsVisible = 0;
			defaultConfigurationName = Release;
		};
/* End XCConfigurationList section */
	};
	rootObject = 7210F90024CFFA1C00DB2A11 /* Project object */;
}
